
Microsoft Visual Studio Solution File, Format Version 12.00
Project("{2150E333-8FDC-42A3-9474-1A3956D46DE8}") = "src", "src", "{E69CA046-1230-4C1B-887F-CE45C162B939}"
EndProject
Project("{FAE04EC0-301F-11D3-BF4B-00C04F79EFBC}") = "shabs.DataQuery.Abstractions", "shabs.DataQuery.Abstractions\shabs.DataQuery.Abstractions.csproj", "{7178DBC0-EE6F-43BD-AFC7-5BEA2A3966E3}"
EndProject
Project("{2150E333-8FDC-42A3-9474-1A3956D46DE8}") = "test", "test", "{486D0F84-B6ED-4D7B-95E8-E17BCF0E3374}"
EndProject
Project("{2150E333-8FDC-42A3-9474-1A3956D46DE8}") = "example", "example", "{3A1BDB27-0138-425D-B605-B84C9B46EDA5}"
EndProject
Project("{FAE04EC0-301F-11D3-BF4B-00C04F79EFBC}") = "shlabs.DataQuery.Example.Infrastructure", "shlabs.DataQuery.Example.Infrastructure\shlabs.DataQuery.Example.Infrastructure.csproj", "{C4E32379-A180-4C7F-B3FC-A521FC834455}"
EndProject
Project("{FAE04EC0-301F-11D3-BF4B-00C04F79EFBC}") = "shlabs.DataQuery", "shlabs.DataQuery\shlabs.DataQuery.csproj", "{6CC4A155-9EAE-4385-88B0-2DA31D685E69}"
EndProject
Project("{FAE04EC0-301F-11D3-BF4B-00C04F79EFBC}") = "shlabs.DataQuery.Example.Run", "shlabs.DataQuery.Example.Run\shlabs.DataQuery.Example.Run.csproj", "{9A514C24-C92C-4BD3-B7C1-6BBD21073F80}"
EndProject
Global
	GlobalSection(SolutionConfigurationPlatforms) = preSolution
		Debug|Any CPU = Debug|Any CPU
		Release|Any CPU = Release|Any CPU
	EndGlobalSection
	GlobalSection(ProjectConfigurationPlatforms) = postSolution
		{7178DBC0-EE6F-43BD-AFC7-5BEA2A3966E3}.Debug|Any CPU.ActiveCfg = Debug|Any CPU
		{7178DBC0-EE6F-43BD-AFC7-5BEA2A3966E3}.Debug|Any CPU.Build.0 = Debug|Any CPU
		{7178DBC0-EE6F-43BD-AFC7-5BEA2A3966E3}.Release|Any CPU.ActiveCfg = Release|Any CPU
		{7178DBC0-EE6F-43BD-AFC7-5BEA2A3966E3}.Release|Any CPU.Build.0 = Release|Any CPU
		{C4E32379-A180-4C7F-B3FC-A521FC834455}.Debug|Any CPU.ActiveCfg = Debug|Any CPU
		{C4E32379-A180-4C7F-B3FC-A521FC834455}.Debug|Any CPU.Build.0 = Debug|Any CPU
		{C4E32379-A180-4C7F-B3FC-A521FC834455}.Release|Any CPU.ActiveCfg = Release|Any CPU
		{C4E32379-A180-4C7F-B3FC-A521FC834455}.Release|Any CPU.Build.0 = Release|Any CPU
		{6CC4A155-9EAE-4385-88B0-2DA31D685E69}.Debug|Any CPU.ActiveCfg = Debug|Any CPU
		{6CC4A155-9EAE-4385-88B0-2DA31D685E69}.Debug|Any CPU.Build.0 = Debug|Any CPU
		{6CC4A155-9EAE-4385-88B0-2DA31D685E69}.Release|Any CPU.ActiveCfg = Release|Any CPU
		{6CC4A155-9EAE-4385-88B0-2DA31D685E69}.Release|Any CPU.Build.0 = Release|Any CPU
		{9A514C24-C92C-4BD3-B7C1-6BBD21073F80}.Debug|Any CPU.ActiveCfg = Debug|Any CPU
		{9A514C24-C92C-4BD3-B7C1-6BBD21073F80}.Debug|Any CPU.Build.0 = Debug|Any CPU
		{9A514C24-C92C-4BD3-B7C1-6BBD21073F80}.Release|Any CPU.ActiveCfg = Release|Any CPU
		{9A514C24-C92C-4BD3-B7C1-6BBD21073F80}.Release|Any CPU.Build.0 = Release|Any CPU
	EndGlobalSection
	GlobalSection(NestedProjects) = preSolution
		{7178DBC0-EE6F-43BD-AFC7-5BEA2A3966E3} = {E69CA046-1230-4C1B-887F-CE45C162B939}
		{C4E32379-A180-4C7F-B3FC-A521FC834455} = {3A1BDB27-0138-425D-B605-B84C9B46EDA5}
		{6CC4A155-9EAE-4385-88B0-2DA31D685E69} = {E69CA046-1230-4C1B-887F-CE45C162B939}
		{9A514C24-C92C-4BD3-B7C1-6BBD21073F80} = {3A1BDB27-0138-425D-B605-B84C9B46EDA5}
	EndGlobalSection
EndGlobal
